// !$*UTF8*$!
{
	archiveVersion = 1;
	classes = {
	};
	objectVersion = 46;
	objects = {

/* Begin PBXBuildFile section */
		5C0BF06C19899E4F0069578B /* FretView.m in Sources */ = {isa = PBXBuildFile; fileRef = 5C0BF06B19899E4F0069578B /* FretView.m */; };
		5C15A1FE198851AE0098ADF4 /* StrumView.m in Sources */ = {isa = PBXBuildFile; fileRef = 5C15A1FD198851AE0098ADF4 /* StrumView.m */; };
		5C19E152198958C600AFBFE1 /* GestureViewController.m in Sources */ = {isa = PBXBuildFile; fileRef = 5C19E151198958C600AFBFE1 /* GestureViewController.m */; };
		5C19E155198969E800AFBFE1 /* BaseStringView.m in Sources */ = {isa = PBXBuildFile; fileRef = 5C19E154198969E800AFBFE1 /* BaseStringView.m */; };
		5C3A307F19929D8B00417625 /* HomeViewController.m in Sources */ = {isa = PBXBuildFile; fileRef = 5C3A307E19929D8B00417625 /* HomeViewController.m */; };
		5C3A30841992B2DB00417625 /* rubab1.jpg in Resources */ = {isa = PBXBuildFile; fileRef = 5C3A30831992B2DB00417625 /* rubab1.jpg */; };
		5C3A308A1992B7A000417625 /* HistoryViewController.m in Sources */ = {isa = PBXBuildFile; fileRef = 5C3A30891992B7A000417625 /* HistoryViewController.m */; };
		5C7AC15A1987138F003F5940 /* rubab1stString.aupreset in Resources */ = {isa = PBXBuildFile; fileRef = 5C7AC1571987138E003F5940 /* rubab1stString.aupreset */; };
		5C7AC15B1987138F003F5940 /* rubab2ndString.aupreset in Resources */ = {isa = PBXBuildFile; fileRef = 5C7AC1581987138F003F5940 /* rubab2ndString.aupreset */; };
		5C7AC15C1987138F003F5940 /* rubab3rdString.aupreset in Resources */ = {isa = PBXBuildFile; fileRef = 5C7AC1591987138F003F5940 /* rubab3rdString.aupreset */; };
		5C7AC15E19871995003F5940 /* Sounds in Resources */ = {isa = PBXBuildFile; fileRef = 5C7AC15D19871995003F5940 /* Sounds */; };
		5C869D5E198A9E46001DD09C /* rubab1stStringUpstroke.aupreset in Resources */ = {isa = PBXBuildFile; fileRef = 5C869D5B198A9E46001DD09C /* rubab1stStringUpstroke.aupreset */; };
		5C869D5F198A9E46001DD09C /* rubab2ndStringUpstroke.aupreset in Resources */ = {isa = PBXBuildFile; fileRef = 5C869D5C198A9E46001DD09C /* rubab2ndStringUpstroke.aupreset */; };
		5C869D60198A9E46001DD09C /* rubab3rdStringUpstroke.aupreset in Resources */ = {isa = PBXBuildFile; fileRef = 5C869D5D198A9E46001DD09C /* rubab3rdStringUpstroke.aupreset */; };
		5C97673D199140850023FC23 /* fret.jpg in Resources */ = {isa = PBXBuildFile; fileRef = 5C97673B199140850023FC23 /* fret.jpg */; };
		5C97673E199140850023FC23 /* fretPressed.jpg in Resources */ = {isa = PBXBuildFile; fileRef = 5C97673C199140850023FC23 /* fretPressed.jpg */; };
		5CACE3FC1993C1DA001B2461 /* rubabHistory.txt in Resources */ = {isa = PBXBuildFile; fileRef = 5CACE3FB1993C1DA001B2461 /* rubabHistory.txt */; };
		5CC51A691993EF4D004FAF71 /* dismiss.png in Resources */ = {isa = PBXBuildFile; fileRef = 5CC51A681993EF4D004FAF71 /* dismiss.png */; };
		5CC51A6C1993F424004FAF71 /* PhotoViewController.m in Sources */ = {isa = PBXBuildFile; fileRef = 5CC51A6B1993F424004FAF71 /* PhotoViewController.m */; };
		5CF31C34197F00380076A68D /* main.m in Sources */ = {isa = PBXBuildFile; fileRef = 5CF31C33197F00380076A68D /* main.m */; };
		5CF31C37197F00380076A68D /* AppDelegate.m in Sources */ = {isa = PBXBuildFile; fileRef = 5CF31C36197F00380076A68D /* AppDelegate.m */; };
		5CF31C3A197F00380076A68D /* ViewController.m in Sources */ = {isa = PBXBuildFile; fileRef = 5CF31C39197F00380076A68D /* ViewController.m */; };
		5CF31C3D197F00380076A68D /* Main.storyboard in Resources */ = {isa = PBXBuildFile; fileRef = 5CF31C3B197F00380076A68D /* Main.storyboard */; };
		5CF31C3F197F00380076A68D /* Images.xcassets in Resources */ = {isa = PBXBuildFile; fileRef = 5CF31C3E197F00380076A68D /* Images.xcassets */; };
		5CF31C4B197F00380076A68D /* RealRaagTests.m in Sources */ = {isa = PBXBuildFile; fileRef = 5CF31C4A197F00380076A68D /* RealRaagTests.m */; };
		5CF31C56197F03CE0076A68D /* AudioController.m in Sources */ = {isa = PBXBuildFile; fileRef = 5CF31C55197F03CE0076A68D /* AudioController.m */; };
		5CFA83821986A745007C2F20 /* MIDIHelper.m in Sources */ = {isa = PBXBuildFile; fileRef = 5CFA83811986A745007C2F20 /* MIDIHelper.m */; };
/* End PBXBuildFile section */

/* Begin PBXContainerItemProxy section */
		5CF31C45197F00380076A68D /* PBXContainerItemProxy */ = {
			isa = PBXContainerItemProxy;
			containerPortal = 5CF31C26197F00380076A68D /* Project object */;
			proxyType = 1;
			remoteGlobalIDString = 5CF31C2D197F00380076A68D;
			remoteInfo = RealRaag;
		};
/* End PBXContainerItemProxy section */

/* Begin PBXFileReference section */
		5C0BF06A19899E4F0069578B /* FretView.h */ = {isa = PBXFileReference; fileEncoding = 4; lastKnownFileType = sourcecode.c.h; path = FretView.h; sourceTree = "<group>"; };
		5C0BF06B19899E4F0069578B /* FretView.m */ = {isa = PBXFileReference; fileEncoding = 4; lastKnownFileType = sourcecode.c.objc; path = FretView.m; sourceTree = "<group>"; };
		5C15A1FC198851AE0098ADF4 /* StrumView.h */ = {isa = PBXFileReference; fileEncoding = 4; lastKnownFileType = sourcecode.c.h; path = StrumView.h; sourceTree = "<group>"; };
		5C15A1FD198851AE0098ADF4 /* StrumView.m */ = {isa = PBXFileReference; fileEncoding = 4; lastKnownFileType = sourcecode.c.objc; path = StrumView.m; sourceTree = "<group>"; };
		5C19E150198958C600AFBFE1 /* GestureViewController.h */ = {isa = PBXFileReference; fileEncoding = 4; lastKnownFileType = sourcecode.c.h; path = GestureViewController.h; sourceTree = "<group>"; };
		5C19E151198958C600AFBFE1 /* GestureViewController.m */ = {isa = PBXFileReference; fileEncoding = 4; lastKnownFileType = sourcecode.c.objc; path = GestureViewController.m; sourceTree = "<group>"; };
		5C19E153198969E800AFBFE1 /* BaseStringView.h */ = {isa = PBXFileReference; fileEncoding = 4; lastKnownFileType = sourcecode.c.h; path = BaseStringView.h; sourceTree = "<group>"; };
		5C19E154198969E800AFBFE1 /* BaseStringView.m */ = {isa = PBXFileReference; fileEncoding = 4; lastKnownFileType = sourcecode.c.objc; path = BaseStringView.m; sourceTree = "<group>"; };
		5C3A307D19929D8B00417625 /* HomeViewController.h */ = {isa = PBXFileReference; fileEncoding = 4; lastKnownFileType = sourcecode.c.h; path = HomeViewController.h; sourceTree = "<group>"; };
		5C3A307E19929D8B00417625 /* HomeViewController.m */ = {isa = PBXFileReference; fileEncoding = 4; lastKnownFileType = sourcecode.c.objc; path = HomeViewController.m; sourceTree = "<group>"; };
		5C3A30831992B2DB00417625 /* rubab1.jpg */ = {isa = PBXFileReference; lastKnownFileType = image.jpeg; path = rubab1.jpg; sourceTree = "<group>"; };
		5C3A30881992B7A000417625 /* HistoryViewController.h */ = {isa = PBXFileReference; fileEncoding = 4; lastKnownFileType = sourcecode.c.h; name = HistoryViewController.h; path = ../HistoryViewController.h; sourceTree = "<group>"; };
		5C3A30891992B7A000417625 /* HistoryViewController.m */ = {isa = PBXFileReference; fileEncoding = 4; lastKnownFileType = sourcecode.c.objc; name = HistoryViewController.m; path = ../HistoryViewController.m; sourceTree = "<group>"; };
		5C4BD9711981596200A31AF4 /* RealRaag.pch */ = {isa = PBXFileReference; lastKnownFileType = sourcecode.c.h; path = RealRaag.pch; sourceTree = "<group>"; };
		5C7AC1571987138E003F5940 /* rubab1stString.aupreset */ = {isa = PBXFileReference; fileEncoding = 4; lastKnownFileType = text.xml; path = rubab1stString.aupreset; sourceTree = "<group>"; };
		5C7AC1581987138F003F5940 /* rubab2ndString.aupreset */ = {isa = PBXFileReference; fileEncoding = 4; lastKnownFileType = text.xml; path = rubab2ndString.aupreset; sourceTree = "<group>"; };
		5C7AC1591987138F003F5940 /* rubab3rdString.aupreset */ = {isa = PBXFileReference; fileEncoding = 4; lastKnownFileType = text.xml; path = rubab3rdString.aupreset; sourceTree = "<group>"; };
		5C7AC15D19871995003F5940 /* Sounds */ = {isa = PBXFileReference; lastKnownFileType = folder; path = Sounds; sourceTree = "<group>"; };
		5C869D5B198A9E46001DD09C /* rubab1stStringUpstroke.aupreset */ = {isa = PBXFileReference; fileEncoding = 4; lastKnownFileType = text.xml; path = rubab1stStringUpstroke.aupreset; sourceTree = "<group>"; };
		5C869D5C198A9E46001DD09C /* rubab2ndStringUpstroke.aupreset */ = {isa = PBXFileReference; fileEncoding = 4; lastKnownFileType = text.xml; path = rubab2ndStringUpstroke.aupreset; sourceTree = "<group>"; };
		5C869D5D198A9E46001DD09C /* rubab3rdStringUpstroke.aupreset */ = {isa = PBXFileReference; fileEncoding = 4; lastKnownFileType = text.xml; path = rubab3rdStringUpstroke.aupreset; sourceTree = "<group>"; };
		5C97673B199140850023FC23 /* fret.jpg */ = {isa = PBXFileReference; lastKnownFileType = image.jpeg; name = fret.jpg; path = Images.xcassets/fret.jpg; sourceTree = "<group>"; };
		5C97673C199140850023FC23 /* fretPressed.jpg */ = {isa = PBXFileReference; lastKnownFileType = image.jpeg; name = fretPressed.jpg; path = Images.xcassets/fretPressed.jpg; sourceTree = "<group>"; };
		5CACE3FB1993C1DA001B2461 /* rubabHistory.txt */ = {isa = PBXFileReference; fileEncoding = 4; lastKnownFileType = text; path = rubabHistory.txt; sourceTree = "<group>"; };
		5CC51A681993EF4D004FAF71 /* dismiss.png */ = {isa = PBXFileReference; lastKnownFileType = image.png; path = dismiss.png; sourceTree = "<group>"; };
		5CC51A6A1993F424004FAF71 /* PhotoViewController.h */ = {isa = PBXFileReference; fileEncoding = 4; lastKnownFileType = sourcecode.c.h; path = PhotoViewController.h; sourceTree = "<group>"; };
		5CC51A6B1993F424004FAF71 /* PhotoViewController.m */ = {isa = PBXFileReference; fileEncoding = 4; lastKnownFileType = sourcecode.c.objc; path = PhotoViewController.m; sourceTree = "<group>"; };
		5CF31C2E197F00380076A68D /* RealRaag.app */ = {isa = PBXFileReference; explicitFileType = wrapper.application; includeInIndex = 0; path = RealRaag.app; sourceTree = BUILT_PRODUCTS_DIR; };
		5CF31C32197F00380076A68D /* Info.plist */ = {isa = PBXFileReference; lastKnownFileType = text.plist.xml; path = Info.plist; sourceTree = "<group>"; };
		5CF31C33197F00380076A68D /* main.m */ = {isa = PBXFileReference; lastKnownFileType = sourcecode.c.objc; path = main.m; sourceTree = "<group>"; };
		5CF31C35197F00380076A68D /* AppDelegate.h */ = {isa = PBXFileReference; lastKnownFileType = sourcecode.c.h; path = AppDelegate.h; sourceTree = "<group>"; };
		5CF31C36197F00380076A68D /* AppDelegate.m */ = {isa = PBXFileReference; lastKnownFileType = sourcecode.c.objc; path = AppDelegate.m; sourceTree = "<group>"; };
		5CF31C38197F00380076A68D /* ViewController.h */ = {isa = PBXFileReference; lastKnownFileType = sourcecode.c.h; path = ViewController.h; sourceTree = "<group>"; };
		5CF31C39197F00380076A68D /* ViewController.m */ = {isa = PBXFileReference; lastKnownFileType = sourcecode.c.objc; path = ViewController.m; sourceTree = "<group>"; };
		5CF31C3C197F00380076A68D /* Base */ = {isa = PBXFileReference; lastKnownFileType = file.storyboard; name = Base; path = Base.lproj/Main.storyboard; sourceTree = "<group>"; };
		5CF31C3E197F00380076A68D /* Images.xcassets */ = {isa = PBXFileReference; lastKnownFileType = folder.assetcatalog; path = Images.xcassets; sourceTree = "<group>"; };
		5CF31C44197F00380076A68D /* RealRaagTests.xctest */ = {isa = PBXFileReference; explicitFileType = wrapper.cfbundle; includeInIndex = 0; path = RealRaagTests.xctest; sourceTree = BUILT_PRODUCTS_DIR; };
		5CF31C49197F00380076A68D /* Info.plist */ = {isa = PBXFileReference; lastKnownFileType = text.plist.xml; path = Info.plist; sourceTree = "<group>"; };
		5CF31C4A197F00380076A68D /* RealRaagTests.m */ = {isa = PBXFileReference; lastKnownFileType = sourcecode.c.objc; path = RealRaagTests.m; sourceTree = "<group>"; };
		5CF31C54197F03CE0076A68D /* AudioController.h */ = {isa = PBXFileReference; fileEncoding = 4; lastKnownFileType = sourcecode.c.h; path = AudioController.h; sourceTree = "<group>"; };
		5CF31C55197F03CE0076A68D /* AudioController.m */ = {isa = PBXFileReference; fileEncoding = 4; lastKnownFileType = sourcecode.c.objc; path = AudioController.m; sourceTree = "<group>"; };
		5CFA83801986A745007C2F20 /* MIDIHelper.h */ = {isa = PBXFileReference; fileEncoding = 4; lastKnownFileType = sourcecode.c.h; path = MIDIHelper.h; sourceTree = "<group>"; };
		5CFA83811986A745007C2F20 /* MIDIHelper.m */ = {isa = PBXFileReference; fileEncoding = 4; lastKnownFileType = sourcecode.c.objc; path = MIDIHelper.m; sourceTree = "<group>"; };
/* End PBXFileReference section */

/* Begin PBXFrameworksBuildPhase section */
		5CF31C2B197F00380076A68D /* Frameworks */ = {
			isa = PBXFrameworksBuildPhase;
			buildActionMask = 2147483647;
			files = (
			);
			runOnlyForDeploymentPostprocessing = 0;
		};
		5CF31C41197F00380076A68D /* Frameworks */ = {
			isa = PBXFrameworksBuildPhase;
			buildActionMask = 2147483647;
			files = (
			);
			runOnlyForDeploymentPostprocessing = 0;
		};
/* End PBXFrameworksBuildPhase section */

/* Begin PBXGroup section */
		5CF31C25197F00380076A68D = {
			isa = PBXGroup;
			children = (
				5CF31C30197F00380076A68D /* RealRaag */,
				5CF31C47197F00380076A68D /* RealRaagTests */,
				5CF31C2F197F00380076A68D /* Products */,
			);
			sourceTree = "<group>";
		};
		5CF31C2F197F00380076A68D /* Products */ = {
			isa = PBXGroup;
			children = (
				5CF31C2E197F00380076A68D /* RealRaag.app */,
				5CF31C44197F00380076A68D /* RealRaagTests.xctest */,
			);
			name = Products;
			sourceTree = "<group>";
		};
		5CF31C30197F00380076A68D /* RealRaag */ = {
			isa = PBXGroup;
			children = (
				5C7AC15D19871995003F5940 /* Sounds */,
				5CF31C54197F03CE0076A68D /* AudioController.h */,
				5CF31C55197F03CE0076A68D /* AudioController.m */,
				5CF31C35197F00380076A68D /* AppDelegate.h */,
				5CF31C36197F00380076A68D /* AppDelegate.m */,
				5C0BF06A19899E4F0069578B /* FretView.h */,
				5C0BF06B19899E4F0069578B /* FretView.m */,
				5C3A30881992B7A000417625 /* HistoryViewController.h */,
				5C3A30891992B7A000417625 /* HistoryViewController.m */,
				5C3A307D19929D8B00417625 /* HomeViewController.h */,
				5C3A307E19929D8B00417625 /* HomeViewController.m */,
				5CC51A6A1993F424004FAF71 /* PhotoViewController.h */,
				5CC51A6B1993F424004FAF71 /* PhotoViewController.m */,
				5C15A1FC198851AE0098ADF4 /* StrumView.h */,
				5C15A1FD198851AE0098ADF4 /* StrumView.m */,
				5C19E150198958C600AFBFE1 /* GestureViewController.h */,
				5C19E151198958C600AFBFE1 /* GestureViewController.m */,
				5CF31C38197F00380076A68D /* ViewController.h */,
				5CF31C39197F00380076A68D /* ViewController.m */,
				5CF31C3B197F00380076A68D /* Main.storyboard */,
				5CF31C3E197F00380076A68D /* Images.xcassets */,
				5CF31C31197F00380076A68D /* Supporting Files */,
				5CFA83801986A745007C2F20 /* MIDIHelper.h */,
				5CFA83811986A745007C2F20 /* MIDIHelper.m */,
				5C19E153198969E800AFBFE1 /* BaseStringView.h */,
				5C19E154198969E800AFBFE1 /* BaseStringView.m */,
			);
			path = RealRaag;
			sourceTree = "<group>";
		};
		5CF31C31197F00380076A68D /* Supporting Files */ = {
			isa = PBXGroup;
			children = (
				5CC51A681993EF4D004FAF71 /* dismiss.png */,
				5CACE3FB1993C1DA001B2461 /* rubabHistory.txt */,
				5C3A30831992B2DB00417625 /* rubab1.jpg */,
				5C97673B199140850023FC23 /* fret.jpg */,
				5C97673C199140850023FC23 /* fretPressed.jpg */,
				5C869D5B198A9E46001DD09C /* rubab1stStringUpstroke.aupreset */,
				5C869D5C198A9E46001DD09C /* rubab2ndStringUpstroke.aupreset */,
				5C869D5D198A9E46001DD09C /* rubab3rdStringUpstroke.aupreset */,
				5C7AC1571987138E003F5940 /* rubab1stString.aupreset */,
				5C7AC1581987138F003F5940 /* rubab2ndString.aupreset */,
				5C7AC1591987138F003F5940 /* rubab3rdString.aupreset */,
				5CF31C32197F00380076A68D /* Info.plist */,
				5CF31C33197F00380076A68D /* main.m */,
				5C4BD9711981596200A31AF4 /* RealRaag.pch */,
			);
			name = "Supporting Files";
			sourceTree = "<group>";
		};
		5CF31C47197F00380076A68D /* RealRaagTests */ = {
			isa = PBXGroup;
			children = (
				5CF31C4A197F00380076A68D /* RealRaagTests.m */,
				5CF31C48197F00380076A68D /* Supporting Files */,
			);
			path = RealRaagTests;
			sourceTree = "<group>";
		};
		5CF31C48197F00380076A68D /* Supporting Files */ = {
			isa = PBXGroup;
			children = (
				5CF31C49197F00380076A68D /* Info.plist */,
			);
			name = "Supporting Files";
			sourceTree = "<group>";
		};
/* End PBXGroup section */

/* Begin PBXNativeTarget section */
		5CF31C2D197F00380076A68D /* RealRaag */ = {
			isa = PBXNativeTarget;
			buildConfigurationList = 5CF31C4E197F00380076A68D /* Build configuration list for PBXNativeTarget "RealRaag" */;
			buildPhases = (
				5CF31C2A197F00380076A68D /* Sources */,
				5CF31C2B197F00380076A68D /* Frameworks */,
				5CF31C2C197F00380076A68D /* Resources */,
			);
			buildRules = (
			);
			dependencies = (
			);
			name = RealRaag;
			productName = RealRaag;
			productReference = 5CF31C2E197F00380076A68D /* RealRaag.app */;
			productType = "com.apple.product-type.application";
		};
		5CF31C43197F00380076A68D /* RealRaagTests */ = {
			isa = PBXNativeTarget;
			buildConfigurationList = 5CF31C51197F00380076A68D /* Build configuration list for PBXNativeTarget "RealRaagTests" */;
			buildPhases = (
				5CF31C40197F00380076A68D /* Sources */,
				5CF31C41197F00380076A68D /* Frameworks */,
				5CF31C42197F00380076A68D /* Resources */,
			);
			buildRules = (
			);
			dependencies = (
				5CF31C46197F00380076A68D /* PBXTargetDependency */,
			);
			name = RealRaagTests;
			productName = RealRaagTests;
			productReference = 5CF31C44197F00380076A68D /* RealRaagTests.xctest */;
			productType = "com.apple.product-type.bundle.unit-test";
		};
/* End PBXNativeTarget section */

/* Begin PBXProject section */
		5CF31C26197F00380076A68D /* Project object */ = {
			isa = PBXProject;
			attributes = {
				LastUpgradeCheck = 0600;
				ORGANIZATIONNAME = "Matthew S. Hill";
				TargetAttributes = {
					5CF31C2D197F00380076A68D = {
						CreatedOnToolsVersion = 6.0;
					};
					5CF31C43197F00380076A68D = {
						CreatedOnToolsVersion = 6.0;
						TestTargetID = 5CF31C2D197F00380076A68D;
					};
				};
			};
			buildConfigurationList = 5CF31C29197F00380076A68D /* Build configuration list for PBXProject "RealRaag" */;
			compatibilityVersion = "Xcode 3.2";
			developmentRegion = English;
			hasScannedForEncodings = 0;
			knownRegions = (
				en,
				Base,
			);
			mainGroup = 5CF31C25197F00380076A68D;
			productRefGroup = 5CF31C2F197F00380076A68D /* Products */;
			projectDirPath = "";
			projectRoot = "";
			targets = (
				5CF31C2D197F00380076A68D /* RealRaag */,
				5CF31C43197F00380076A68D /* RealRaagTests */,
			);
		};
/* End PBXProject section */

/* Begin PBXResourcesBuildPhase section */
		5CF31C2C197F00380076A68D /* Resources */ = {
			isa = PBXResourcesBuildPhase;
			buildActionMask = 2147483647;
			files = (
				5C7AC15E19871995003F5940 /* Sounds in Resources */,
				5CF31C3D197F00380076A68D /* Main.storyboard in Resources */,
				5C869D5F198A9E46001DD09C /* rubab2ndStringUpstroke.aupreset in Resources */,
				5CACE3FC1993C1DA001B2461 /* rubabHistory.txt in Resources */,
				5CF31C3F197F00380076A68D /* Images.xcassets in Resources */,
				5C7AC15C1987138F003F5940 /* rubab3rdString.aupreset in Resources */,
				5C7AC15B1987138F003F5940 /* rubab2ndString.aupreset in Resources */,
				5C97673D199140850023FC23 /* fret.jpg in Resources */,
				5C7AC15A1987138F003F5940 /* rubab1stString.aupreset in Resources */,
				5C869D5E198A9E46001DD09C /* rubab1stStringUpstroke.aupreset in Resources */,
				5C97673E199140850023FC23 /* fretPressed.jpg in Resources */,
				5C3A30841992B2DB00417625 /* rubab1.jpg in Resources */,
				5CC51A691993EF4D004FAF71 /* dismiss.png in Resources */,
				5C869D60198A9E46001DD09C /* rubab3rdStringUpstroke.aupreset in Resources */,
			);
			runOnlyForDeploymentPostprocessing = 0;
		};
		5CF31C42197F00380076A68D /* Resources */ = {
			isa = PBXResourcesBuildPhase;
			buildActionMask = 2147483647;
			files = (
			);
			runOnlyForDeploymentPostprocessing = 0;
		};
/* End PBXResourcesBuildPhase section */

/* Begin PBXSourcesBuildPhase section */
		5CF31C2A197F00380076A68D /* Sources */ = {
			isa = PBXSourcesBuildPhase;
			buildActionMask = 2147483647;
			files = (
				5C19E152198958C600AFBFE1 /* GestureViewController.m in Sources */,
				5CF31C3A197F00380076A68D /* ViewController.m in Sources */,
				5CF31C37197F00380076A68D /* AppDelegate.m in Sources */,
				5C3A307F19929D8B00417625 /* HomeViewController.m in Sources */,
				5C3A308A1992B7A000417625 /* HistoryViewController.m in Sources */,
				5CF31C56197F03CE0076A68D /* AudioController.m in Sources */,
				5C15A1FE198851AE0098ADF4 /* StrumView.m in Sources */,
				5C19E155198969E800AFBFE1 /* BaseStringView.m in Sources */,
				5CFA83821986A745007C2F20 /* MIDIHelper.m in Sources */,
				5CC51A6C1993F424004FAF71 /* PhotoViewController.m in Sources */,
				5C0BF06C19899E4F0069578B /* FretView.m in Sources */,
				5CF31C34197F00380076A68D /* main.m in Sources */,
			);
			runOnlyForDeploymentPostprocessing = 0;
		};
		5CF31C40197F00380076A68D /* Sources */ = {
			isa = PBXSourcesBuildPhase;
			buildActionMask = 2147483647;
			files = (
				5CF31C4B197F00380076A68D /* RealRaagTests.m in Sources */,
			);
			runOnlyForDeploymentPostprocessing = 0;
		};
/* End PBXSourcesBuildPhase section */

/* Begin PBXTargetDependency section */
		5CF31C46197F00380076A68D /* PBXTargetDependency */ = {
			isa = PBXTargetDependency;
			target = 5CF31C2D197F00380076A68D /* RealRaag */;
			targetProxy = 5CF31C45197F00380076A68D /* PBXContainerItemProxy */;
		};
/* End PBXTargetDependency section */

/* Begin PBXVariantGroup section */
		5CF31C3B197F00380076A68D /* Main.storyboard */ = {
			isa = PBXVariantGroup;
			children = (
				5CF31C3C197F00380076A68D /* Base */,
			);
			name = Main.storyboard;
			sourceTree = "<group>";
		};
/* End PBXVariantGroup section */

/* Begin XCBuildConfiguration section */
		5CF31C4C197F00380076A68D /* Debug */ = {
			isa = XCBuildConfiguration;
			buildSettings = {
				ALWAYS_SEARCH_USER_PATHS = NO;
				CLANG_CXX_LANGUAGE_STANDARD = "gnu++0x";
				CLANG_CXX_LIBRARY = "libc++";
				CLANG_ENABLE_MODULES = YES;
				CLANG_ENABLE_OBJC_ARC = YES;
				CLANG_WARN_BOOL_CONVERSION = YES;
				CLANG_WARN_CONSTANT_CONVERSION = YES;
				CLANG_WARN_DIRECT_OBJC_ISA_USAGE = YES_ERROR;
				CLANG_WARN_EMPTY_BODY = YES;
				CLANG_WARN_ENUM_CONVERSION = YES;
				CLANG_WARN_INT_CONVERSION = YES;
				CLANG_WARN_OBJC_ROOT_CLASS = YES_ERROR;
				CLANG_WARN_UNREACHABLE_CODE = YES;
				CLANG_WARN__DUPLICATE_METHOD_MATCH = YES;
				CODE_SIGN_IDENTITY = "iPhone Developer: Matt Hill (S8NG58V3C2)";
				"CODE_SIGN_IDENTITY[sdk=iphoneos*]" = "iPhone Developer";
				COPY_PHASE_STRIP = NO;
				ENABLE_STRICT_OBJC_MSGSEND = YES;
				GCC_C_LANGUAGE_STANDARD = gnu99;
				GCC_DYNAMIC_NO_PIC = NO;
				GCC_OPTIMIZATION_LEVEL = 0;
				GCC_PREPROCESSOR_DEFINITIONS = (
					"DEBUG=1",
					"$(inherited)",
				);
				GCC_SYMBOLS_PRIVATE_EXTERN = NO;
				GCC_WARN_64_TO_32_BIT_CONVERSION = YES;
				GCC_WARN_ABOUT_RETURN_TYPE = YES_ERROR;
				GCC_WARN_UNDECLARED_SELECTOR = YES;
				GCC_WARN_UNINITIALIZED_AUTOS = YES_AGGRESSIVE;
				GCC_WARN_UNUSED_FUNCTION = YES;
				GCC_WARN_UNUSED_VARIABLE = YES;
				IPHONEOS_DEPLOYMENT_TARGET = 7.0;
				METAL_ENABLE_DEBUG_INFO = YES;
				ONLY_ACTIVE_ARCH = YES;
				PROVISIONING_PROFILE = "73EAE0EA-1B89-418A-823A-0EF5DC63D5D6";
				SDKROOT = iphoneos7.1;
			};
			name = Debug;
		};
		5CF31C4D197F00380076A68D /* Release */ = {
			isa = XCBuildConfiguration;
			buildSettings = {
				ALWAYS_SEARCH_USER_PATHS = NO;
				CLANG_CXX_LANGUAGE_STANDARD = "gnu++0x";
				CLANG_CXX_LIBRARY = "libc++";
				CLANG_ENABLE_MODULES = YES;
				CLANG_ENABLE_OBJC_ARC = YES;
				CLANG_WARN_BOOL_CONVERSION = YES;
				CLANG_WARN_CONSTANT_CONVERSION = YES;
				CLANG_WARN_DIRECT_OBJC_ISA_USAGE = YES_ERROR;
				CLANG_WARN_EMPTY_BODY = YES;
				CLANG_WARN_ENUM_CONVERSION = YES;
				CLANG_WARN_INT_CONVERSION = YES;
				CLANG_WARN_OBJC_ROOT_CLASS = YES_ERROR;
				CLANG_WARN_UNREACHABLE_CODE = YES;
				CLANG_WARN__DUPLICATE_METHOD_MATCH = YES;
				CODE_SIGN_IDENTITY = "iPhone Developer: Matt Hill (S8NG58V3C2)";
				"CODE_SIGN_IDENTITY[sdk=iphoneos*]" = "iPhone Developer";
				COPY_PHASE_STRIP = YES;
				ENABLE_NS_ASSERTIONS = NO;
				ENABLE_STRICT_OBJC_MSGSEND = YES;
				GCC_C_LANGUAGE_STANDARD = gnu99;
				GCC_WARN_64_TO_32_BIT_CONVERSION = YES;
				GCC_WARN_ABOUT_RETURN_TYPE = YES_ERROR;
				GCC_WARN_UNDECLARED_SELECTOR = YES;
				GCC_WARN_UNINITIALIZED_AUTOS = YES_AGGRESSIVE;
				GCC_WARN_UNUSED_FUNCTION = YES;
				GCC_WARN_UNUSED_VARIABLE = YES;
				IPHONEOS_DEPLOYMENT_TARGET = 7.0;
				METAL_ENABLE_DEBUG_INFO = NO;
				PROVISIONING_PROFILE = "73EAE0EA-1B89-418A-823A-0EF5DC63D5D6";
				SDKROOT = iphoneos7.1;
				VALIDATE_PRODUCT = YES;
			};
			name = Release;
		};
		5CF31C4F197F00380076A68D /* Debug */ = {
			isa = XCBuildConfiguration;
			buildSettings = {
				ASSETCATALOG_COMPILER_APPICON_NAME = AppIcon;
				ASSETCATALOG_COMPILER_LAUNCHIMAGE_NAME = LaunchImage;
				"CODE_SIGN_IDENTITY[sdk=iphoneos*]" = "iPhone Developer: Matt Hill (S8NG58V3C2)";
				GCC_PREFIX_HEADER = RealRaag/RealRaag.pch;
				HEADER_SEARCH_PATHS = (
					"$(inherited)",
					/Applications/Xcode.app/Contents/Developer/Toolchains/XcodeDefault.xctoolchain/usr/include,
					"$(SRCROOT)/**",
				);
				INFOPLIST_FILE = RealRaag/Info.plist;
				INFOPLIST_PREFIX_HEADER = "";
				IPHONEOS_DEPLOYMENT_TARGET = 7.0;
				LD_RUNPATH_SEARCH_PATHS = "$(inherited) @executable_path/Frameworks";
				PRODUCT_NAME = "$(TARGET_NAME)";
				PROVISIONING_PROFILE = "73EAE0EA-1B89-418A-823A-0EF5DC63D5D6";
			};
			name = Debug;
		};
		5CF31C50197F00380076A68D /* Release */ = {
			isa = XCBuildConfiguration;
			buildSettings = {
				ASSETCATALOG_COMPILER_APPICON_NAME = AppIcon;
				ASSETCATALOG_COMPILER_LAUNCHIMAGE_NAME = LaunchImage;
				"CODE_SIGN_IDENTITY[sdk=iphoneos*]" = "iPhone Developer: Matt Hill (S8NG58V3C2)";
				GCC_PREFIX_HEADER = RealRaag/RealRaag.pch;
				HEADER_SEARCH_PATHS = (
					"$(inherited)",
					/Applications/Xcode.app/Contents/Developer/Toolchains/XcodeDefault.xctoolchain/usr/include,
					"$(SRCROOT)/**",
				);
				INFOPLIST_FILE = RealRaag/Info.plist;
				INFOPLIST_PREFIX_HEADER = "";
				IPHONEOS_DEPLOYMENT_TARGET = 7.0;
				LD_RUNPATH_SEARCH_PATHS = "$(inherited) @executable_path/Frameworks";
				PRODUCT_NAME = "$(TARGET_NAME)";
				PROVISIONING_PROFILE = "73EAE0EA-1B89-418A-823A-0EF5DC63D5D6";
			};
			name = Release;
		};
		5CF31C52197F00380076A68D /* Debug */ = {
			isa = XCBuildConfiguration;
			buildSettings = {
				BUNDLE_LOADER = "$(BUILT_PRODUCTS_DIR)/RealRaag.app/RealRaag";
				FRAMEWORK_SEARCH_PATHS = (
					"$(SDKROOT)/Developer/Library/Frameworks",
					"$(inherited)",
				);
				GCC_PREPROCESSOR_DEFINITIONS = (
					"DEBUG=1",
					"$(inherited)",
				);
				INFOPLIST_FILE = RealRaagTests/Info.plist;
				LD_RUNPATH_SEARCH_PATHS = "$(inherited) @executable_path/Frameworks @loader_path/Frameworks";
				METAL_ENABLE_DEBUG_INFO = YES;
				PRODUCT_NAME = "$(TARGET_NAME)";
				TEST_HOST = "$(BUNDLE_LOADER)";
			};
			name = Debug;
		};
		5CF31C53197F00380076A68D /* Release */ = {
			isa = XCBuildConfiguration;
			buildSettings = {
				BUNDLE_LOADER = "$(BUILT_PRODUCTS_DIR)/RealRaag.app/RealRaag";
				FRAMEWORK_SEARCH_PATHS = (
					"$(SDKROOT)/Developer/Library/Frameworks",
					"$(inherited)",
				);
				INFOPLIST_FILE = RealRaagTests/Info.plist;
				LD_RUNPATH_SEARCH_PATHS = "$(inherited) @executable_path/Frameworks @loader_path/Frameworks";
				METAL_ENABLE_DEBUG_INFO = NO;
				PRODUCT_NAME = "$(TARGET_NAME)";
				TEST_HOST = "$(BUNDLE_LOADER)";
			};
			name = Release;
		};
/* End XCBuildConfiguration section */

/* Begin XCConfigurationList section */
		5CF31C29197F00380076A68D /* Build configuration list for PBXProject "RealRaag" */ = {
			isa = XCConfigurationList;
			buildConfigurations = (
				5CF31C4C197F00380076A68D /* Debug */,
				5CF31C4D197F00380076A68D /* Release */,
			);
			defaultConfigurationIsVisible = 0;
			defaultConfigurationName = Release;
		};
		5CF31C4E197F00380076A68D /* Build configuration list for PBXNativeTarget "RealRaag" */ = {
			isa = XCConfigurationList;
			buildConfigurations = (
				5CF31C4F197F00380076A68D /* Debug */,
				5CF31C50197F00380076A68D /* Release */,
			);
			defaultConfigurationIsVisible = 0;
			defaultConfigurationName = Release;
		};
		5CF31C51197F00380076A68D /* Build configuration list for PBXNativeTarget "RealRaagTests" */ = {
			isa = XCConfigurationList;
			buildConfigurations = (
				5CF31C52197F00380076A68D /* Debug */,
				5CF31C53197F00380076A68D /* Release */,
			);
			defaultConfigurationIsVisible = 0;
			defaultConfigurationName = Release;
		};
/* End XCConfigurationList section */
	};
	rootObject = 5CF31C26197F00380076A68D /* Project object */;
}
